
Microsoft Visual Studio Solution File, Format Version 12.00
# Visual Studio Version 16
VisualStudioVersion = 16.0.31727.386
MinimumVisualStudioVersion = 10.0.40219.1
Project("{FAE04EC0-301F-11D3-BF4B-00C04F79EFBC}") = "TLShandshake", "TLShandshake\TLShandshake.csproj", "{12B040E1-A653-491B-A1A7-50E912975BFF}"
EndProject
Project("{FAE04EC0-301F-11D3-BF4B-00C04F79EFBC}") = "Test.TLShandshake", "Test.TLShandshake\Test.TLShandshake.csproj", "{572C2084-408D-4290-A81A-B244E64B109A}"
EndProject
Global
	GlobalSection(SolutionConfigurationPlatforms) = preSolution
		Debug|Any CPU = Debug|Any CPU
		Release|Any CPU = Release|Any CPU
	EndGlobalSection
	GlobalSection(ProjectConfigurationPlatforms) = postSolution
		{12B040E1-A653-491B-A1A7-50E912975BFF}.Debug|Any CPU.ActiveCfg = Debug|Any CPU
		{12B040E1-A653-491B-A1A7-50E912975BFF}.Debug|Any CPU.Build.0 = Debug|Any CPU
		{12B040E1-A653-491B-A1A7-50E912975BFF}.Release|Any CPU.ActiveCfg = Release|Any CPU
		{12B040E1-A653-491B-A1A7-50E912975BFF}.Release|Any CPU.Build.0 = Release|Any CPU
		{572C2084-408D-4290-A81A-B244E64B109A}.Debug|Any CPU.ActiveCfg = Debug|Any CPU
		{572C2084-408D-4290-A81A-B244E64B109A}.Debug|Any CPU.Build.0 = Debug|Any CPU
		{572C2084-408D-4290-A81A-B244E64B109A}.Release|Any CPU.ActiveCfg = Release|Any CPU
		{572C2084-408D-4290-A81A-B244E64B109A}.Release|Any CPU.Build.0 = Release|Any CPU
	EndGlobalSection
	GlobalSection(SolutionProperties) = preSolution
		HideSolutionNode = FALSE
	EndGlobalSection
	GlobalSection(ExtensibilityGlobals) = postSolution
		SolutionGuid = {899D8ABB-9E82-4BCA-A694-5AFFFC9269D6}
	EndGlobalSection
EndGlobal
